
Microsoft Visual Studio Solution File, Format Version 12.00
# Visual Studio Version 16
VisualStudioVersion = 16.0.30503.244
MinimumVisualStudioVersion = 10.0.40219.1
Project("{FAE04EC0-301F-11D3-BF4B-00C04F79EFBC}") = "laba 10", "laba 10\laba 10.csproj", "{817C1A27-E829-4D79-968E-ADEC17FA4D80}"
EndProject
Global
	GlobalSection(SolutionConfigurationPlatforms) = preSolution
		Debug|Any CPU = Debug|Any CPU
		Release|Any CPU = Release|Any CPU
	EndGlobalSection
	GlobalSection(ProjectConfigurationPlatforms) = postSolution
		{817C1A27-E829-4D79-968E-ADEC17FA4D80}.Debug|Any CPU.ActiveCfg = Debug|Any CPU
		{817C1A27-E829-4D79-968E-ADEC17FA4D80}.Debug|Any CPU.Build.0 = Debug|Any CPU
		{817C1A27-E829-4D79-968E-ADEC17FA4D80}.Release|Any CPU.ActiveCfg = Release|Any CPU
		{817C1A27-E829-4D79-968E-ADEC17FA4D80}.Release|Any CPU.Build.0 = Release|Any CPU
	EndGlobalSection
	GlobalSection(SolutionProperties) = preSolution
		HideSolutionNode = FALSE
	EndGlobalSection
	GlobalSection(ExtensibilityGlobals) = postSolution
		SolutionGuid = {2FEE744D-6C4B-489E-AF76-246C6B3F450B}
	EndGlobalSection
EndGlobal
